
Microsoft Visual Studio Solution File, Format Version 12.00
Project("{FAE04EC0-301F-11D3-BF4B-00C04F79EFBC}") = "DiscordSharpBot", "DiscordSharpBot\DiscordSharpBot.csproj", "{67AB4BB7-BFD8-4EDB-A72B-7E27BB11B597}"
EndProject
Global
	GlobalSection(SolutionConfigurationPlatforms) = preSolution
		Debug|Any CPU = Debug|Any CPU
		Release|Any CPU = Release|Any CPU
	EndGlobalSection
	GlobalSection(ProjectConfigurationPlatforms) = postSolution
		{67AB4BB7-BFD8-4EDB-A72B-7E27BB11B597}.Debug|Any CPU.ActiveCfg = Debug|Any CPU
		{67AB4BB7-BFD8-4EDB-A72B-7E27BB11B597}.Debug|Any CPU.Build.0 = Debug|Any CPU
		{67AB4BB7-BFD8-4EDB-A72B-7E27BB11B597}.Release|Any CPU.ActiveCfg = Release|Any CPU
		{67AB4BB7-BFD8-4EDB-A72B-7E27BB11B597}.Release|Any CPU.Build.0 = Release|Any CPU
	EndGlobalSection
EndGlobal
